
Microsoft Visual Studio Solution File, Format Version 12.00
# Visual Studio 15
VisualStudioVersion = 15.0.28307.168
MinimumVisualStudioVersion = 10.0.40219.1
Project("{FAE04EC0-301F-11D3-BF4B-00C04F79EFBC}") = "TestWarstwyUslug", "TestWarstwyUslug\TestWarstwyUslug.csproj", "{E8140154-C1DF-4BC2-BAD5-D53294C53742}"
EndProject
Project("{FAE04EC0-301F-11D3-BF4B-00C04F79EFBC}") = "WarstwaUslug", "WarstwaUslug\WarstwaUslug.csproj", "{3ABFFD7B-FF07-4E09-9939-76B8819B2B91}"
EndProject
Project("{FAE04EC0-301F-11D3-BF4B-00C04F79EFBC}") = "WarstwaPrezentacji", "WarstwaPrezentacji\WarstwaPrezentacji.csproj", "{B7569D46-E2D6-4579-B9F9-41322861A589}"
EndProject
Global
	GlobalSection(SolutionConfigurationPlatforms) = preSolution
		Debug|Any CPU = Debug|Any CPU
		Release|Any CPU = Release|Any CPU
	EndGlobalSection
	GlobalSection(ProjectConfigurationPlatforms) = postSolution
		{E8140154-C1DF-4BC2-BAD5-D53294C53742}.Debug|Any CPU.ActiveCfg = Debug|Any CPU
		{E8140154-C1DF-4BC2-BAD5-D53294C53742}.Debug|Any CPU.Build.0 = Debug|Any CPU
		{E8140154-C1DF-4BC2-BAD5-D53294C53742}.Release|Any CPU.ActiveCfg = Release|Any CPU
		{E8140154-C1DF-4BC2-BAD5-D53294C53742}.Release|Any CPU.Build.0 = Release|Any CPU
		{3ABFFD7B-FF07-4E09-9939-76B8819B2B91}.Debug|Any CPU.ActiveCfg = Debug|Any CPU
		{3ABFFD7B-FF07-4E09-9939-76B8819B2B91}.Debug|Any CPU.Build.0 = Debug|Any CPU
		{3ABFFD7B-FF07-4E09-9939-76B8819B2B91}.Release|Any CPU.ActiveCfg = Release|Any CPU
		{3ABFFD7B-FF07-4E09-9939-76B8819B2B91}.Release|Any CPU.Build.0 = Release|Any CPU
		{B7569D46-E2D6-4579-B9F9-41322861A589}.Debug|Any CPU.ActiveCfg = Debug|Any CPU
		{B7569D46-E2D6-4579-B9F9-41322861A589}.Debug|Any CPU.Build.0 = Debug|Any CPU
		{B7569D46-E2D6-4579-B9F9-41322861A589}.Release|Any CPU.ActiveCfg = Release|Any CPU
		{B7569D46-E2D6-4579-B9F9-41322861A589}.Release|Any CPU.Build.0 = Release|Any CPU
	EndGlobalSection
	GlobalSection(SolutionProperties) = preSolution
		HideSolutionNode = FALSE
	EndGlobalSection
	GlobalSection(ExtensibilityGlobals) = postSolution
		SolutionGuid = {B459F007-B91A-4229-8D8E-45EB7964EDA6}
	EndGlobalSection
EndGlobal
