
Microsoft Visual Studio Solution File, Format Version 12.00
# Visual Studio 15
VisualStudioVersion = 15.0.28307.168
MinimumVisualStudioVersion = 10.0.40219.1
Project("{FAE04EC0-301F-11D3-BF4B-00C04F79EFBC}") = "WarstwaUslug", "WarstwaUslug\WarstwaUslug.csproj", "{EC6D0A93-75D2-4350-8D74-10F01CFE856C}"
EndProject
Project("{FAE04EC0-301F-11D3-BF4B-00C04F79EFBC}") = "TestWarstwyUslug", "TestWarstwyUslug\TestWarstwyUslug.csproj", "{FA3CB0EB-4D9C-4343-B777-D34CFFA3973D}"
EndProject
Project("{FAE04EC0-301F-11D3-BF4B-00C04F79EFBC}") = "WarstwaAplikacji", "WarstwaAplikacji\WarstwaAplikacji.csproj", "{41FF79BD-5A0E-4F7B-89AE-6EE96E67F11F}"
EndProject
Global
	GlobalSection(SolutionConfigurationPlatforms) = preSolution
		Debug|Any CPU = Debug|Any CPU
		Release|Any CPU = Release|Any CPU
	EndGlobalSection
	GlobalSection(ProjectConfigurationPlatforms) = postSolution
		{EC6D0A93-75D2-4350-8D74-10F01CFE856C}.Debug|Any CPU.ActiveCfg = Debug|Any CPU
		{EC6D0A93-75D2-4350-8D74-10F01CFE856C}.Debug|Any CPU.Build.0 = Debug|Any CPU
		{EC6D0A93-75D2-4350-8D74-10F01CFE856C}.Release|Any CPU.ActiveCfg = Release|Any CPU
		{EC6D0A93-75D2-4350-8D74-10F01CFE856C}.Release|Any CPU.Build.0 = Release|Any CPU
		{FA3CB0EB-4D9C-4343-B777-D34CFFA3973D}.Debug|Any CPU.ActiveCfg = Debug|Any CPU
		{FA3CB0EB-4D9C-4343-B777-D34CFFA3973D}.Debug|Any CPU.Build.0 = Debug|Any CPU
		{FA3CB0EB-4D9C-4343-B777-D34CFFA3973D}.Release|Any CPU.ActiveCfg = Release|Any CPU
		{FA3CB0EB-4D9C-4343-B777-D34CFFA3973D}.Release|Any CPU.Build.0 = Release|Any CPU
		{41FF79BD-5A0E-4F7B-89AE-6EE96E67F11F}.Debug|Any CPU.ActiveCfg = Debug|Any CPU
		{41FF79BD-5A0E-4F7B-89AE-6EE96E67F11F}.Debug|Any CPU.Build.0 = Debug|Any CPU
		{41FF79BD-5A0E-4F7B-89AE-6EE96E67F11F}.Release|Any CPU.ActiveCfg = Release|Any CPU
		{41FF79BD-5A0E-4F7B-89AE-6EE96E67F11F}.Release|Any CPU.Build.0 = Release|Any CPU
	EndGlobalSection
	GlobalSection(SolutionProperties) = preSolution
		HideSolutionNode = FALSE
	EndGlobalSection
	GlobalSection(ExtensibilityGlobals) = postSolution
		SolutionGuid = {949374F9-421F-454B-90F5-28F07F39FE04}
	EndGlobalSection
EndGlobal
